
Microsoft Visual Studio Solution File, Format Version 12.00
# Visual Studio Version 16
VisualStudioVersion = 16.0.32407.337
MinimumVisualStudioVersion = 10.0.40219.1
Project("{FAE04EC0-301F-11D3-BF4B-00C04F79EFBC}") = "REFIS", "REFIS\REFIS.csproj", "{93804066-6FA4-435D-971D-95C5F577B357}"
EndProject
Project("{FAE04EC0-301F-11D3-BF4B-00C04F79EFBC}") = "UnitTests", "UnitTests\UnitTests.csproj", "{2357627B-C4C1-4E50-B2CF-E4318CCD2B2C}"
EndProject
Global
	GlobalSection(SolutionConfigurationPlatforms) = preSolution
		Debug|Any CPU = Debug|Any CPU
		Release|Any CPU = Release|Any CPU
	EndGlobalSection
	GlobalSection(ProjectConfigurationPlatforms) = postSolution
		{93804066-6FA4-435D-971D-95C5F577B357}.Debug|Any CPU.ActiveCfg = Debug|Any CPU
		{93804066-6FA4-435D-971D-95C5F577B357}.Debug|Any CPU.Build.0 = Debug|Any CPU
		{93804066-6FA4-435D-971D-95C5F577B357}.Release|Any CPU.ActiveCfg = Release|Any CPU
		{93804066-6FA4-435D-971D-95C5F577B357}.Release|Any CPU.Build.0 = Release|Any CPU
		{2357627B-C4C1-4E50-B2CF-E4318CCD2B2C}.Debug|Any CPU.ActiveCfg = Debug|Any CPU
		{2357627B-C4C1-4E50-B2CF-E4318CCD2B2C}.Debug|Any CPU.Build.0 = Debug|Any CPU
		{2357627B-C4C1-4E50-B2CF-E4318CCD2B2C}.Release|Any CPU.ActiveCfg = Release|Any CPU
		{2357627B-C4C1-4E50-B2CF-E4318CCD2B2C}.Release|Any CPU.Build.0 = Release|Any CPU
	EndGlobalSection
	GlobalSection(SolutionProperties) = preSolution
		HideSolutionNode = FALSE
	EndGlobalSection
	GlobalSection(ExtensibilityGlobals) = postSolution
		SolutionGuid = {6F905362-7DFC-4F33-993E-9CBA44D43414}
	EndGlobalSection
EndGlobal
